
Microsoft Visual Studio Solution File, Format Version 12.00
# Visual Studio 15
Project("{FAE04EC0-301F-11D3-BF4B-00C04F79EFBC}") = "Assembly-CSharp", "Assembly-CSharp.csproj", "{0138E4FF-6DC8-207C-E67D-B78AC5E444EC}"
EndProject
Project("{FAE04EC0-301F-11D3-BF4B-00C04F79EFBC}") = "Assembly-CSharp-Editor", "Assembly-CSharp-Editor.csproj", "{12B5029C-1D82-6286-CAA2-700BAE10154F}"
EndProject
Global
	GlobalSection(SolutionConfigurationPlatforms) = preSolution
		Debug|Any CPU = Debug|Any CPU
		Release|Any CPU = Release|Any CPU
	EndGlobalSection
	GlobalSection(ProjectConfigurationPlatforms) = postSolution
		{0138E4FF-6DC8-207C-E67D-B78AC5E444EC}.Debug|Any CPU.ActiveCfg = Debug|Any CPU
		{0138E4FF-6DC8-207C-E67D-B78AC5E444EC}.Debug|Any CPU.Build.0 = Debug|Any CPU
		{0138E4FF-6DC8-207C-E67D-B78AC5E444EC}.Release|Any CPU.ActiveCfg = Release|Any CPU
		{0138E4FF-6DC8-207C-E67D-B78AC5E444EC}.Release|Any CPU.Build.0 = Release|Any CPU
		{12B5029C-1D82-6286-CAA2-700BAE10154F}.Debug|Any CPU.ActiveCfg = Debug|Any CPU
		{12B5029C-1D82-6286-CAA2-700BAE10154F}.Debug|Any CPU.Build.0 = Debug|Any CPU
		{12B5029C-1D82-6286-CAA2-700BAE10154F}.Release|Any CPU.ActiveCfg = Release|Any CPU
		{12B5029C-1D82-6286-CAA2-700BAE10154F}.Release|Any CPU.Build.0 = Release|Any CPU
	EndGlobalSection
	GlobalSection(SolutionProperties) = preSolution
		HideSolutionNode = FALSE
	EndGlobalSection
EndGlobal
